<?xml version="1.0" encoding="utf-8"?>
<Project ToolsVersion="4.0" xmlns="http://schemas.microsoft.com/developer/msbuild/2003">
  <ItemGroup>
    <Filter Include="Array">
      <UniqueIdentifier>{c5d74e82-33d5-4323-91ab-fa606be0e876}</UniqueIdentifier>
    </Filter>
    <Filter Include="Device">
      <UniqueIdentifier>{3ef0c045-2148-4708-9cf3-7867d5909e70}</UniqueIdentifier>
    </Filter>
    <Filter Include="Solver">
      <UniqueIdentifier>{21e91ec2-e4c3-4c1d-b88a-9b1edc367c0c}</UniqueIdentifier>
    </Filter>
    <Filter Include="Solver\Device">
      <UniqueIdentifier>{68a290e4-1b19-4669-b6d5-c6c42d757dd1}</UniqueIdentifier>
    </Filter>
  </ItemGroup>
  <ItemGroup>
    <ClCompile Include="Device\Device.cpp">
      <Filter>Device</Filter>
    </ClCompile>
    <ClCompile Include="Device\DeviceError.cpp">
      <Filter>Device</Filter>
    </ClCompile>
    <ClCompile Include="Device\DeviceMemory.cpp">
      <Filter>Device</Filter>
    </ClCompile>
  </ItemGroup>
  <ItemGroup>
    <ClInclude Include="Device\Device.h">
      <Filter>Device</Filter>
    </ClInclude>
    <ClInclude Include="Device\DeviceError.h">
      <Filter>Device</Filter>
    </ClInclude>
    <ClInclude Include="Device\DeviceMemory.h">
      <Filter>Device</Filter>
    </ClInclude>
    <ClInclude Include="Array\DeviceArray.cuh">
      <Filter>Array</Filter>
    </ClInclude>
    <ClInclude Include="Array\HostManagedDeviceArray.cuh">
      <Filter>Array</Filter>
    </ClInclude>
    <ClInclude Include="Array\HostArray.h">
      <Filter>Array</Filter>
    </ClInclude>
    <ClInclude Include="Solver\Device\ThomsonSweep.cuh">
      <Filter>Solver\Device</Filter>
    </ClInclude>
  </ItemGroup>
</Project>